
Microsoft Visual Studio Solution File, Format Version 12.00
# Visual Studio Version 16
VisualStudioVersion = 16.0.30204.135
MinimumVisualStudioVersion = 10.0.40219.1
Project("{FAE04EC0-301F-11D3-BF4B-00C04F79EFBC}") = "MadLibs", "MadLibs\MadLibs.csproj", "{489592F0-5AE3-49AB-AD6E-08D11DB6049D}"
EndProject
Global
	GlobalSection(SolutionConfigurationPlatforms) = preSolution
		Debug|Any CPU = Debug|Any CPU
		Release|Any CPU = Release|Any CPU
	EndGlobalSection
	GlobalSection(ProjectConfigurationPlatforms) = postSolution
		{489592F0-5AE3-49AB-AD6E-08D11DB6049D}.Debug|Any CPU.ActiveCfg = Debug|Any CPU
		{489592F0-5AE3-49AB-AD6E-08D11DB6049D}.Debug|Any CPU.Build.0 = Debug|Any CPU
		{489592F0-5AE3-49AB-AD6E-08D11DB6049D}.Release|Any CPU.ActiveCfg = Release|Any CPU
		{489592F0-5AE3-49AB-AD6E-08D11DB6049D}.Release|Any CPU.Build.0 = Release|Any CPU
	EndGlobalSection
	GlobalSection(SolutionProperties) = preSolution
		HideSolutionNode = FALSE
	EndGlobalSection
	GlobalSection(ExtensibilityGlobals) = postSolution
		SolutionGuid = {A2C98A97-D885-467B-BFC8-8B2BE8F52255}
	EndGlobalSection
EndGlobal
